// !$*UTF8*$!
{
	archiveVersion = 1;
	classes = {
	};
	objectVersion = 55;
	objects = {

/* Begin PBXBuildFile section */
		2BE66C5D27FF5C18005AC7A8 /* AppDelegate.swift in Sources */ = {isa = PBXBuildFile; fileRef = 2BE66C5C27FF5C18005AC7A8 /* AppDelegate.swift */; };
		2BE66C5F27FF5C18005AC7A8 /* SceneDelegate.swift in Sources */ = {isa = PBXBuildFile; fileRef = 2BE66C5E27FF5C18005AC7A8 /* SceneDelegate.swift */; };
		2BE66C6127FF5C18005AC7A8 /* HomeViewController.swift in Sources */ = {isa = PBXBuildFile; fileRef = 2BE66C6027FF5C18005AC7A8 /* HomeViewController.swift */; };
		2BE66C6427FF5C18005AC7A8 /* Main.storyboard in Resources */ = {isa = PBXBuildFile; fileRef = 2BE66C6227FF5C18005AC7A8 /* Main.storyboard */; };
		2BE66C6727FF5C18005AC7A8 /* KukaAppsiOSCase.xcdatamodeld in Sources */ = {isa = PBXBuildFile; fileRef = 2BE66C6527FF5C18005AC7A8 /* KukaAppsiOSCase.xcdatamodeld */; };
		2BE66C6927FF5C19005AC7A8 /* Assets.xcassets in Resources */ = {isa = PBXBuildFile; fileRef = 2BE66C6827FF5C19005AC7A8 /* Assets.xcassets */; };
		2BE66C6C27FF5C19005AC7A8 /* LaunchScreen.storyboard in Resources */ = {isa = PBXBuildFile; fileRef = 2BE66C6A27FF5C19005AC7A8 /* LaunchScreen.storyboard */; };
		2BE66C7927FF5D50005AC7A8 /* FormulaPilot.swift in Sources */ = {isa = PBXBuildFile; fileRef = 2BE66C7827FF5D50005AC7A8 /* FormulaPilot.swift */; };
		2BE66C7B27FF5D72005AC7A8 /* PilotInfo.swift in Sources */ = {isa = PBXBuildFile; fileRef = 2BE66C7A27FF5D71005AC7A8 /* PilotInfo.swift */; };
		2BE66C7E27FF5DE5005AC7A8 /* NetworkService.swift in Sources */ = {isa = PBXBuildFile; fileRef = 2BE66C7D27FF5DE5005AC7A8 /* NetworkService.swift */; };
		2BE66C8027FF6F21005AC7A8 /* HomeViewModel.swift in Sources */ = {isa = PBXBuildFile; fileRef = 2BE66C7F27FF6F21005AC7A8 /* HomeViewModel.swift */; };
		2BE66C8227FF6F35005AC7A8 /* DetailViewModel.swift in Sources */ = {isa = PBXBuildFile; fileRef = 2BE66C8127FF6F34005AC7A8 /* DetailViewModel.swift */; };
		2BE66C8627FF752B005AC7A8 /* PilotsCustomCell.swift in Sources */ = {isa = PBXBuildFile; fileRef = 2BE66C8427FF752B005AC7A8 /* PilotsCustomCell.swift */; };
		2BE66C8727FF752B005AC7A8 /* PilotsCustomCell.xib in Resources */ = {isa = PBXBuildFile; fileRef = 2BE66C8527FF752B005AC7A8 /* PilotsCustomCell.xib */; };
		2BE66C8927FF8B15005AC7A8 /* PilotDetailViewController.swift in Sources */ = {isa = PBXBuildFile; fileRef = 2BE66C8827FF8B15005AC7A8 /* PilotDetailViewController.swift */; };
		2BE66C8C27FF9971005AC7A8 /* Extensions.swift in Sources */ = {isa = PBXBuildFile; fileRef = 2BE66C8B27FF9971005AC7A8 /* Extensions.swift */; };
		DBD24B19E49C15A423E2508F /* Pods_KukaAppsiOSCase.framework in Frameworks */ = {isa = PBXBuildFile; fileRef = FAA0625B0689456E51192B0C /* Pods_KukaAppsiOSCase.framework */; };
/* End PBXBuildFile section */

/* Begin PBXFileReference section */
		1693DECB2FAAA88371366058 /* Pods-KukaAppsiOSCase.release.xcconfig */ = {isa = PBXFileReference; includeInIndex = 1; lastKnownFileType = text.xcconfig; name = "Pods-KukaAppsiOSCase.release.xcconfig"; path = "Target Support Files/Pods-KukaAppsiOSCase/Pods-KukaAppsiOSCase.release.xcconfig"; sourceTree = "<group>"; };
		2BE66C5927FF5C18005AC7A8 /* KukaAppsiOSCase.app */ = {isa = PBXFileReference; explicitFileType = wrapper.application; includeInIndex = 0; path = KukaAppsiOSCase.app; sourceTree = BUILT_PRODUCTS_DIR; };
		2BE66C5C27FF5C18005AC7A8 /* AppDelegate.swift */ = {isa = PBXFileReference; lastKnownFileType = sourcecode.swift; path = AppDelegate.swift; sourceTree = "<group>"; };
		2BE66C5E27FF5C18005AC7A8 /* SceneDelegate.swift */ = {isa = PBXFileReference; lastKnownFileType = sourcecode.swift; path = SceneDelegate.swift; sourceTree = "<group>"; };
		2BE66C6027FF5C18005AC7A8 /* HomeViewController.swift */ = {isa = PBXFileReference; lastKnownFileType = sourcecode.swift; path = HomeViewController.swift; sourceTree = "<group>"; };
		2BE66C6327FF5C18005AC7A8 /* Base */ = {isa = PBXFileReference; lastKnownFileType = file.storyboard; name = Base; path = Base.lproj/Main.storyboard; sourceTree = "<group>"; };
		2BE66C6627FF5C18005AC7A8 /* KukaAppsiOSCase.xcdatamodel */ = {isa = PBXFileReference; lastKnownFileType = wrapper.xcdatamodel; path = KukaAppsiOSCase.xcdatamodel; sourceTree = "<group>"; };
		2BE66C6827FF5C19005AC7A8 /* Assets.xcassets */ = {isa = PBXFileReference; lastKnownFileType = folder.assetcatalog; path = Assets.xcassets; sourceTree = "<group>"; };
		2BE66C6B27FF5C19005AC7A8 /* Base */ = {isa = PBXFileReference; lastKnownFileType = file.storyboard; name = Base; path = Base.lproj/LaunchScreen.storyboard; sourceTree = "<group>"; };
		2BE66C6D27FF5C19005AC7A8 /* Info.plist */ = {isa = PBXFileReference; lastKnownFileType = text.plist.xml; path = Info.plist; sourceTree = "<group>"; };
		2BE66C7827FF5D50005AC7A8 /* FormulaPilot.swift */ = {isa = PBXFileReference; lastKnownFileType = sourcecode.swift; path = FormulaPilot.swift; sourceTree = "<group>"; };
		2BE66C7A27FF5D71005AC7A8 /* PilotInfo.swift */ = {isa = PBXFileReference; lastKnownFileType = sourcecode.swift; path = PilotInfo.swift; sourceTree = "<group>"; };
		2BE66C7D27FF5DE5005AC7A8 /* NetworkService.swift */ = {isa = PBXFileReference; lastKnownFileType = sourcecode.swift; path = NetworkService.swift; sourceTree = "<group>"; };
		2BE66C7F27FF6F21005AC7A8 /* HomeViewModel.swift */ = {isa = PBXFileReference; lastKnownFileType = sourcecode.swift; path = HomeViewModel.swift; sourceTree = "<group>"; };
		2BE66C8127FF6F34005AC7A8 /* DetailViewModel.swift */ = {isa = PBXFileReference; lastKnownFileType = sourcecode.swift; path = DetailViewModel.swift; sourceTree = "<group>"; };
		2BE66C8427FF752B005AC7A8 /* PilotsCustomCell.swift */ = {isa = PBXFileReference; lastKnownFileType = sourcecode.swift; path = PilotsCustomCell.swift; sourceTree = "<group>"; };
		2BE66C8527FF752B005AC7A8 /* PilotsCustomCell.xib */ = {isa = PBXFileReference; lastKnownFileType = file.xib; path = PilotsCustomCell.xib; sourceTree = "<group>"; };
		2BE66C8827FF8B15005AC7A8 /* PilotDetailViewController.swift */ = {isa = PBXFileReference; lastKnownFileType = sourcecode.swift; path = PilotDetailViewController.swift; sourceTree = "<group>"; };
		2BE66C8B27FF9971005AC7A8 /* Extensions.swift */ = {isa = PBXFileReference; lastKnownFileType = sourcecode.swift; path = Extensions.swift; sourceTree = "<group>"; };
		CFCDA2E2E781C9E9AC49B050 /* Pods-KukaAppsiOSCase.debug.xcconfig */ = {isa = PBXFileReference; includeInIndex = 1; lastKnownFileType = text.xcconfig; name = "Pods-KukaAppsiOSCase.debug.xcconfig"; path = "Target Support Files/Pods-KukaAppsiOSCase/Pods-KukaAppsiOSCase.debug.xcconfig"; sourceTree = "<group>"; };
		FAA0625B0689456E51192B0C /* Pods_KukaAppsiOSCase.framework */ = {isa = PBXFileReference; explicitFileType = wrapper.framework; includeInIndex = 0; path = Pods_KukaAppsiOSCase.framework; sourceTree = BUILT_PRODUCTS_DIR; };
/* End PBXFileReference section */

/* Begin PBXFrameworksBuildPhase section */
		2BE66C5627FF5C18005AC7A8 /* Frameworks */ = {
			isa = PBXFrameworksBuildPhase;
			buildActionMask = 2147483647;
			files = (
				DBD24B19E49C15A423E2508F /* Pods_KukaAppsiOSCase.framework in Frameworks */,
			);
			runOnlyForDeploymentPostprocessing = 0;
		};
/* End PBXFrameworksBuildPhase section */

/* Begin PBXGroup section */
		2071CB554FF4CF32037D12AD /* Frameworks */ = {
			isa = PBXGroup;
			children = (
				FAA0625B0689456E51192B0C /* Pods_KukaAppsiOSCase.framework */,
			);
			name = Frameworks;
			sourceTree = "<group>";
		};
		2BE66C5027FF5C18005AC7A8 = {
			isa = PBXGroup;
			children = (
				2BE66C5B27FF5C18005AC7A8 /* KukaAppsiOSCase */,
				2BE66C5A27FF5C18005AC7A8 /* Products */,
				C5E36278F81FCFC140A3BC35 /* Pods */,
				2071CB554FF4CF32037D12AD /* Frameworks */,
			);
			sourceTree = "<group>";
		};
		2BE66C5A27FF5C18005AC7A8 /* Products */ = {
			isa = PBXGroup;
			children = (
				2BE66C5927FF5C18005AC7A8 /* KukaAppsiOSCase.app */,
			);
			name = Products;
			sourceTree = "<group>";
		};
		2BE66C5B27FF5C18005AC7A8 /* KukaAppsiOSCase */ = {
			isa = PBXGroup;
			children = (
				2BE66C8A27FF9956005AC7A8 /* Utils */,
				2BE66C7727FF5CA4005AC7A8 /* Core */,
				2BE66C8327FF74FD005AC7A8 /* Cells */,
				2BE66C7527FF5C8B005AC7A8 /* ViewControllers */,
				2BE66C7427FF5C7B005AC7A8 /* ViewModels */,
				2BE66C7C27FF5DD3005AC7A8 /* Service */,
				2BE66C7327FF5C5D005AC7A8 /* Models */,
				2BE66C6227FF5C18005AC7A8 /* Main.storyboard */,
				2BE66C6A27FF5C19005AC7A8 /* LaunchScreen.storyboard */,
				2BE66C6527FF5C18005AC7A8 /* KukaAppsiOSCase.xcdatamodeld */,
				2BE66C6D27FF5C19005AC7A8 /* Info.plist */,
			);
			path = KukaAppsiOSCase;
			sourceTree = "<group>";
		};
		2BE66C7327FF5C5D005AC7A8 /* Models */ = {
			isa = PBXGroup;
			children = (
				2BE66C7827FF5D50005AC7A8 /* FormulaPilot.swift */,
				2BE66C7A27FF5D71005AC7A8 /* PilotInfo.swift */,
			);
			path = Models;
			sourceTree = "<group>";
		};
		2BE66C7427FF5C7B005AC7A8 /* ViewModels */ = {
			isa = PBXGroup;
			children = (
				2BE66C7F27FF6F21005AC7A8 /* HomeViewModel.swift */,
				2BE66C8127FF6F34005AC7A8 /* DetailViewModel.swift */,
			);
			path = ViewModels;
			sourceTree = "<group>";
		};
		2BE66C7527FF5C8B005AC7A8 /* ViewControllers */ = {
			isa = PBXGroup;
			children = (
				2BE66C6027FF5C18005AC7A8 /* HomeViewController.swift */,
				2BE66C8827FF8B15005AC7A8 /* PilotDetailViewController.swift */,
			);
			path = ViewControllers;
			sourceTree = "<group>";
		};
		2BE66C7727FF5CA4005AC7A8 /* Core */ = {
			isa = PBXGroup;
			children = (
				2BE66C5C27FF5C18005AC7A8 /* AppDelegate.swift */,
				2BE66C6827FF5C19005AC7A8 /* Assets.xcassets */,
				2BE66C5E27FF5C18005AC7A8 /* SceneDelegate.swift */,
			);
			path = Core;
			sourceTree = "<group>";
		};
		2BE66C7C27FF5DD3005AC7A8 /* Service */ = {
			isa = PBXGroup;
			children = (
				2BE66C7D27FF5DE5005AC7A8 /* NetworkService.swift */,
			);
			path = Service;
			sourceTree = "<group>";
		};
		2BE66C8327FF74FD005AC7A8 /* Cells */ = {
			isa = PBXGroup;
			children = (
				2BE66C8427FF752B005AC7A8 /* PilotsCustomCell.swift */,
				2BE66C8527FF752B005AC7A8 /* PilotsCustomCell.xib */,
			);
			path = Cells;
			sourceTree = "<group>";
		};
		2BE66C8A27FF9956005AC7A8 /* Utils */ = {
			isa = PBXGroup;
			children = (
				2BE66C8B27FF9971005AC7A8 /* Extensions.swift */,
			);
			path = Utils;
			sourceTree = "<group>";
		};
		C5E36278F81FCFC140A3BC35 /* Pods */ = {
			isa = PBXGroup;
			children = (
				CFCDA2E2E781C9E9AC49B050 /* Pods-KukaAppsiOSCase.debug.xcconfig */,
				1693DECB2FAAA88371366058 /* Pods-KukaAppsiOSCase.release.xcconfig */,
			);
			path = Pods;
			sourceTree = "<group>";
		};
/* End PBXGroup section */

/* Begin PBXNativeTarget section */
		2BE66C5827FF5C18005AC7A8 /* KukaAppsiOSCase */ = {
			isa = PBXNativeTarget;
			buildConfigurationList = 2BE66C7027FF5C19005AC7A8 /* Build configuration list for PBXNativeTarget "KukaAppsiOSCase" */;
			buildPhases = (
				B897B00B8319444953235A2F /* [CP] Check Pods Manifest.lock */,
				2BE66C5527FF5C18005AC7A8 /* Sources */,
				2BE66C5627FF5C18005AC7A8 /* Frameworks */,
				2BE66C5727FF5C18005AC7A8 /* Resources */,
				9C55225C287B9FBA3862B08F /* [CP] Embed Pods Frameworks */,
			);
			buildRules = (
			);
			dependencies = (
			);
			name = KukaAppsiOSCase;
			productName = KukaAppsiOSCase;
			productReference = 2BE66C5927FF5C18005AC7A8 /* KukaAppsiOSCase.app */;
			productType = "com.apple.product-type.application";
		};
/* End PBXNativeTarget section */

/* Begin PBXProject section */
		2BE66C5127FF5C18005AC7A8 /* Project object */ = {
			isa = PBXProject;
			attributes = {
				BuildIndependentTargetsInParallel = 1;
				LastSwiftUpdateCheck = 1320;
				LastUpgradeCheck = 1320;
				TargetAttributes = {
					2BE66C5827FF5C18005AC7A8 = {
						CreatedOnToolsVersion = 13.2.1;
					};
				};
			};
			buildConfigurationList = 2BE66C5427FF5C18005AC7A8 /* Build configuration list for PBXProject "KukaAppsiOSCase" */;
			compatibilityVersion = "Xcode 13.0";
			developmentRegion = en;
			hasScannedForEncodings = 0;
			knownRegions = (
				en,
				Base,
			);
			mainGroup = 2BE66C5027FF5C18005AC7A8;
			productRefGroup = 2BE66C5A27FF5C18005AC7A8 /* Products */;
			projectDirPath = "";
			projectRoot = "";
			targets = (
				2BE66C5827FF5C18005AC7A8 /* KukaAppsiOSCase */,
			);
		};
/* End PBXProject section */

/* Begin PBXResourcesBuildPhase section */
		2BE66C5727FF5C18005AC7A8 /* Resources */ = {
			isa = PBXResourcesBuildPhase;
			buildActionMask = 2147483647;
			files = (
				2BE66C6C27FF5C19005AC7A8 /* LaunchScreen.storyboard in Resources */,
				2BE66C6927FF5C19005AC7A8 /* Assets.xcassets in Resources */,
				2BE66C6427FF5C18005AC7A8 /* Main.storyboard in Resources */,
				2BE66C8727FF752B005AC7A8 /* PilotsCustomCell.xib in Resources */,
			);
			runOnlyForDeploymentPostprocessing = 0;
		};
/* End PBXResourcesBuildPhase section */

/* Begin PBXShellScriptBuildPhase section */
		9C55225C287B9FBA3862B08F /* [CP] Embed Pods Frameworks */ = {
			isa = PBXShellScriptBuildPhase;
			buildActionMask = 2147483647;
			files = (
			);
			inputFileListPaths = (
				"${PODS_ROOT}/Target Support Files/Pods-KukaAppsiOSCase/Pods-KukaAppsiOSCase-frameworks-${CONFIGURATION}-input-files.xcfilelist",
			);
			name = "[CP] Embed Pods Frameworks";
			outputFileListPaths = (
				"${PODS_ROOT}/Target Support Files/Pods-KukaAppsiOSCase/Pods-KukaAppsiOSCase-frameworks-${CONFIGURATION}-output-files.xcfilelist",
			);
			runOnlyForDeploymentPostprocessing = 0;
			shellPath = /bin/sh;
			shellScript = "\"${PODS_ROOT}/Target Support Files/Pods-KukaAppsiOSCase/Pods-KukaAppsiOSCase-frameworks.sh\"\n";
			showEnvVarsInLog = 0;
		};
		B897B00B8319444953235A2F /* [CP] Check Pods Manifest.lock */ = {
			isa = PBXShellScriptBuildPhase;
			buildActionMask = 2147483647;
			files = (
			);
			inputFileListPaths = (
			);
			inputPaths = (
				"${PODS_PODFILE_DIR_PATH}/Podfile.lock",
				"${PODS_ROOT}/Manifest.lock",
			);
			name = "[CP] Check Pods Manifest.lock";
			outputFileListPaths = (
			);
			outputPaths = (
				"$(DERIVED_FILE_DIR)/Pods-KukaAppsiOSCase-checkManifestLockResult.txt",
			);
			runOnlyForDeploymentPostprocessing = 0;
			shellPath = /bin/sh;
			shellScript = "diff \"${PODS_PODFILE_DIR_PATH}/Podfile.lock\" \"${PODS_ROOT}/Manifest.lock\" > /dev/null\nif [ $? != 0 ] ; then\n    # print error to STDERR\n    echo \"error: The sandbox is not in sync with the Podfile.lock. Run 'pod install' or update your CocoaPods installation.\" >&2\n    exit 1\nfi\n# This output is used by Xcode 'outputs' to avoid re-running this script phase.\necho \"SUCCESS\" > \"${SCRIPT_OUTPUT_FILE_0}\"\n";
			showEnvVarsInLog = 0;
		};
/* End PBXShellScriptBuildPhase section */

/* Begin PBXSourcesBuildPhase section */
		2BE66C5527FF5C18005AC7A8 /* Sources */ = {
			isa = PBXSourcesBuildPhase;
			buildActionMask = 2147483647;
			files = (
				2BE66C7927FF5D50005AC7A8 /* FormulaPilot.swift in Sources */,
				2BE66C7B27FF5D72005AC7A8 /* PilotInfo.swift in Sources */,
				2BE66C6127FF5C18005AC7A8 /* HomeViewController.swift in Sources */,
				2BE66C8627FF752B005AC7A8 /* PilotsCustomCell.swift in Sources */,
				2BE66C8027FF6F21005AC7A8 /* HomeViewModel.swift in Sources */,
				2BE66C8227FF6F35005AC7A8 /* DetailViewModel.swift in Sources */,
				2BE66C5D27FF5C18005AC7A8 /* AppDelegate.swift in Sources */,
				2BE66C8C27FF9971005AC7A8 /* Extensions.swift in Sources */,
				2BE66C5F27FF5C18005AC7A8 /* SceneDelegate.swift in Sources */,
				2BE66C6727FF5C18005AC7A8 /* KukaAppsiOSCase.xcdatamodeld in Sources */,
				2BE66C8927FF8B15005AC7A8 /* PilotDetailViewController.swift in Sources */,
				2BE66C7E27FF5DE5005AC7A8 /* NetworkService.swift in Sources */,
			);
			runOnlyForDeploymentPostprocessing = 0;
		};
/* End PBXSourcesBuildPhase section */

/* Begin PBXVariantGroup section */
		2BE66C6227FF5C18005AC7A8 /* Main.storyboard */ = {
			isa = PBXVariantGroup;
			children = (
				2BE66C6327FF5C18005AC7A8 /* Base */,
			);
			name = Main.storyboard;
			sourceTree = "<group>";
		};
		2BE66C6A27FF5C19005AC7A8 /* LaunchScreen.storyboard */ = {
			isa = PBXVariantGroup;
			children = (
				2BE66C6B27FF5C19005AC7A8 /* Base */,
			);
			name = LaunchScreen.storyboard;
			sourceTree = "<group>";
		};
/* End PBXVariantGroup section */

/* Begin XCBuildConfiguration section */
		2BE66C6E27FF5C19005AC7A8 /* Debug */ = {
			isa = XCBuildConfiguration;
			buildSettings = {
				ALWAYS_SEARCH_USER_PATHS = NO;
				CLANG_ANALYZER_NONNULL = YES;
				CLANG_ANALYZER_NUMBER_OBJECT_CONVERSION = YES_AGGRESSIVE;
				CLANG_CXX_LANGUAGE_STANDARD = "gnu++17";
				CLANG_CXX_LIBRARY = "libc++";
				CLANG_ENABLE_MODULES = YES;
				CLANG_ENABLE_OBJC_ARC = YES;
				CLANG_ENABLE_OBJC_WEAK = YES;
				CLANG_WARN_BLOCK_CAPTURE_AUTORELEASING = YES;
				CLANG_WARN_BOOL_CONVERSION = YES;
				CLANG_WARN_COMMA = YES;
				CLANG_WARN_CONSTANT_CONVERSION = YES;
				CLANG_WARN_DEPRECATED_OBJC_IMPLEMENTATIONS = YES;
				CLANG_WARN_DIRECT_OBJC_ISA_USAGE = YES_ERROR;
				CLANG_WARN_DOCUMENTATION_COMMENTS = YES;
				CLANG_WARN_EMPTY_BODY = YES;
				CLANG_WARN_ENUM_CONVERSION = YES;
				CLANG_WARN_INFINITE_RECURSION = YES;
				CLANG_WARN_INT_CONVERSION = YES;
				CLANG_WARN_NON_LITERAL_NULL_CONVERSION = YES;
				CLANG_WARN_OBJC_IMPLICIT_RETAIN_SELF = YES;
				CLANG_WARN_OBJC_LITERAL_CONVERSION = YES;
				CLANG_WARN_OBJC_ROOT_CLASS = YES_ERROR;
				CLANG_WARN_QUOTED_INCLUDE_IN_FRAMEWORK_HEADER = YES;
				CLANG_WARN_RANGE_LOOP_ANALYSIS = YES;
				CLANG_WARN_STRICT_PROTOTYPES = YES;
				CLANG_WARN_SUSPICIOUS_MOVE = YES;
				CLANG_WARN_UNGUARDED_AVAILABILITY = YES_AGGRESSIVE;
				CLANG_WARN_UNREACHABLE_CODE = YES;
				CLANG_WARN__DUPLICATE_METHOD_MATCH = YES;
				COPY_PHASE_STRIP = NO;
				DEBUG_INFORMATION_FORMAT = dwarf;
				ENABLE_STRICT_OBJC_MSGSEND = YES;
				ENABLE_TESTABILITY = YES;
				GCC_C_LANGUAGE_STANDARD = gnu11;
				GCC_DYNAMIC_NO_PIC = NO;
				GCC_NO_COMMON_BLOCKS = YES;
				GCC_OPTIMIZATION_LEVEL = 0;
				GCC_PREPROCESSOR_DEFINITIONS = (
					"DEBUG=1",
					"$(inherited)",
				);
				GCC_WARN_64_TO_32_BIT_CONVERSION = YES;
				GCC_WARN_ABOUT_RETURN_TYPE = YES_ERROR;
				GCC_WARN_UNDECLARED_SELECTOR = YES;
				GCC_WARN_UNINITIALIZED_AUTOS = YES_AGGRESSIVE;
				GCC_WARN_UNUSED_FUNCTION = YES;
				GCC_WARN_UNUSED_VARIABLE = YES;
				IPHONEOS_DEPLOYMENT_TARGET = 15.2;
				MTL_ENABLE_DEBUG_INFO = INCLUDE_SOURCE;
				MTL_FAST_MATH = YES;
				ONLY_ACTIVE_ARCH = YES;
				SDKROOT = iphoneos;
				SWIFT_ACTIVE_COMPILATION_CONDITIONS = DEBUG;
				SWIFT_OPTIMIZATION_LEVEL = "-Onone";
			};
			name = Debug;
		};
		2BE66C6F27FF5C19005AC7A8 /* Release */ = {
			isa = XCBuildConfiguration;
			buildSettings = {
				ALWAYS_SEARCH_USER_PATHS = NO;
				CLANG_ANALYZER_NONNULL = YES;
				CLANG_ANALYZER_NUMBER_OBJECT_CONVERSION = YES_AGGRESSIVE;
				CLANG_CXX_LANGUAGE_STANDARD = "gnu++17";
				CLANG_CXX_LIBRARY = "libc++";
				CLANG_ENABLE_MODULES = YES;
				CLANG_ENABLE_OBJC_ARC = YES;
				CLANG_ENABLE_OBJC_WEAK = YES;
				CLANG_WARN_BLOCK_CAPTURE_AUTORELEASING = YES;
				CLANG_WARN_BOOL_CONVERSION = YES;
				CLANG_WARN_COMMA = YES;
				CLANG_WARN_CONSTANT_CONVERSION = YES;
				CLANG_WARN_DEPRECATED_OBJC_IMPLEMENTATIONS = YES;
				CLANG_WARN_DIRECT_OBJC_ISA_USAGE = YES_ERROR;
				CLANG_WARN_DOCUMENTATION_COMMENTS = YES;
				CLANG_WARN_EMPTY_BODY = YES;
				CLANG_WARN_ENUM_CONVERSION = YES;
				CLANG_WARN_INFINITE_RECURSION = YES;
				CLANG_WARN_INT_CONVERSION = YES;
				CLANG_WARN_NON_LITERAL_NULL_CONVERSION = YES;
				CLANG_WARN_OBJC_IMPLICIT_RETAIN_SELF = YES;
				CLANG_WARN_OBJC_LITERAL_CONVERSION = YES;
				CLANG_WARN_OBJC_ROOT_CLASS = YES_ERROR;
				CLANG_WARN_QUOTED_INCLUDE_IN_FRAMEWORK_HEADER = YES;
				CLANG_WARN_RANGE_LOOP_ANALYSIS = YES;
				CLANG_WARN_STRICT_PROTOTYPES = YES;
				CLANG_WARN_SUSPICIOUS_MOVE = YES;
				CLANG_WARN_UNGUARDED_AVAILABILITY = YES_AGGRESSIVE;
				CLANG_WARN_UNREACHABLE_CODE = YES;
				CLANG_WARN__DUPLICATE_METHOD_MATCH = YES;
				COPY_PHASE_STRIP = NO;
				DEBUG_INFORMATION_FORMAT = "dwarf-with-dsym";
				ENABLE_NS_ASSERTIONS = NO;
				ENABLE_STRICT_OBJC_MSGSEND = YES;
				GCC_C_LANGUAGE_STANDARD = gnu11;
				GCC_NO_COMMON_BLOCKS = YES;
				GCC_WARN_64_TO_32_BIT_CONVERSION = YES;
				GCC_WARN_ABOUT_RETURN_TYPE = YES_ERROR;
				GCC_WARN_UNDECLARED_SELECTOR = YES;
				GCC_WARN_UNINITIALIZED_AUTOS = YES_AGGRESSIVE;
				GCC_WARN_UNUSED_FUNCTION = YES;
				GCC_WARN_UNUSED_VARIABLE = YES;
				IPHONEOS_DEPLOYMENT_TARGET = 15.2;
				MTL_ENABLE_DEBUG_INFO = NO;
				MTL_FAST_MATH = YES;
				SDKROOT = iphoneos;
				SWIFT_COMPILATION_MODE = wholemodule;
				SWIFT_OPTIMIZATION_LEVEL = "-O";
				VALIDATE_PRODUCT = YES;
			};
			name = Release;
		};
		2BE66C7127FF5C19005AC7A8 /* Debug */ = {
			isa = XCBuildConfiguration;
			baseConfigurationReference = CFCDA2E2E781C9E9AC49B050 /* Pods-KukaAppsiOSCase.debug.xcconfig */;
			buildSettings = {
				ASSETCATALOG_COMPILER_APPICON_NAME = AppIcon;
				ASSETCATALOG_COMPILER_GLOBAL_ACCENT_COLOR_NAME = AccentColor;
				CODE_SIGN_STYLE = Automatic;
				CURRENT_PROJECT_VERSION = 1;
				DEVELOPMENT_TEAM = 9CXW4HNGPA;
				GENERATE_INFOPLIST_FILE = YES;
				INFOPLIST_FILE = KukaAppsiOSCase/Info.plist;
				INFOPLIST_KEY_UIApplicationSupportsIndirectInputEvents = YES;
				INFOPLIST_KEY_UILaunchStoryboardName = LaunchScreen;
				INFOPLIST_KEY_UIMainStoryboardFile = Main;
				INFOPLIST_KEY_UISupportedInterfaceOrientations = UIInterfaceOrientationPortrait;
				INFOPLIST_KEY_UISupportedInterfaceOrientations_iPad = "UIInterfaceOrientationPortrait UIInterfaceOrientationPortraitUpsideDown UIInterfaceOrientationLandscapeLeft UIInterfaceOrientationLandscapeRight";
				INFOPLIST_KEY_UISupportedInterfaceOrientations_iPhone = "UIInterfaceOrientationPortrait UIInterfaceOrientationLandscapeLeft UIInterfaceOrientationLandscapeRight";
				IPHONEOS_DEPLOYMENT_TARGET = 14.0;
				LD_RUNPATH_SEARCH_PATHS = (
					"$(inherited)",
					"@executable_path/Frameworks",
				);
				MARKETING_VERSION = 1.0;
				PRODUCT_BUNDLE_IDENTIFIER = com.VeyselBozkurt.KukaAppsiOSCase;
				PRODUCT_NAME = "$(TARGET_NAME)";
				SWIFT_EMIT_LOC_STRINGS = YES;
				SWIFT_VERSION = 5.0;
				TARGETED_DEVICE_FAMILY = "1,2";
			};
			name = Debug;
		};
		2BE66C7227FF5C19005AC7A8 /* Release */ = {
			isa = XCBuildConfiguration;
			baseConfigurationReference = 1693DECB2FAAA88371366058 /* Pods-KukaAppsiOSCase.release.xcconfig */;
			buildSettings = {
				ASSETCATALOG_COMPILER_APPICON_NAME = AppIcon;
				ASSETCATALOG_COMPILER_GLOBAL_ACCENT_COLOR_NAME = AccentColor;
				CODE_SIGN_STYLE = Automatic;
				CURRENT_PROJECT_VERSION = 1;
				DEVELOPMENT_TEAM = 9CXW4HNGPA;
				GENERATE_INFOPLIST_FILE = YES;
				INFOPLIST_FILE = KukaAppsiOSCase/Info.plist;
				INFOPLIST_KEY_UIApplicationSupportsIndirectInputEvents = YES;
				INFOPLIST_KEY_UILaunchStoryboardName = LaunchScreen;
				INFOPLIST_KEY_UIMainStoryboardFile = Main;
				INFOPLIST_KEY_UISupportedInterfaceOrientations = UIInterfaceOrientationPortrait;
				INFOPLIST_KEY_UISupportedInterfaceOrientations_iPad = "UIInterfaceOrientationPortrait UIInterfaceOrientationPortraitUpsideDown UIInterfaceOrientationLandscapeLeft UIInterfaceOrientationLandscapeRight";
				INFOPLIST_KEY_UISupportedInterfaceOrientations_iPhone = "UIInterfaceOrientationPortrait UIInterfaceOrientationLandscapeLeft UIInterfaceOrientationLandscapeRight";
				IPHONEOS_DEPLOYMENT_TARGET = 14.0;
				LD_RUNPATH_SEARCH_PATHS = (
					"$(inherited)",
					"@executable_path/Frameworks",
				);
				MARKETING_VERSION = 1.0;
				PRODUCT_BUNDLE_IDENTIFIER = com.VeyselBozkurt.KukaAppsiOSCase;
				PRODUCT_NAME = "$(TARGET_NAME)";
				SWIFT_EMIT_LOC_STRINGS = YES;
				SWIFT_VERSION = 5.0;
				TARGETED_DEVICE_FAMILY = "1,2";
			};
			name = Release;
		};
/* End XCBuildConfiguration section */

/* Begin XCConfigurationList section */
		2BE66C5427FF5C18005AC7A8 /* Build configuration list for PBXProject "KukaAppsiOSCase" */ = {
			isa = XCConfigurationList;
			buildConfigurations = (
				2BE66C6E27FF5C19005AC7A8 /* Debug */,
				2BE66C6F27FF5C19005AC7A8 /* Release */,
			);
			defaultConfigurationIsVisible = 0;
			defaultConfigurationName = Release;
		};
		2BE66C7027FF5C19005AC7A8 /* Build configuration list for PBXNativeTarget "KukaAppsiOSCase" */ = {
			isa = XCConfigurationList;
			buildConfigurations = (
				2BE66C7127FF5C19005AC7A8 /* Debug */,
				2BE66C7227FF5C19005AC7A8 /* Release */,
			);
			defaultConfigurationIsVisible = 0;
			defaultConfigurationName = Release;
		};
/* End XCConfigurationList section */

/* Begin XCVersionGroup section */
		2BE66C6527FF5C18005AC7A8 /* KukaAppsiOSCase.xcdatamodeld */ = {
			isa = XCVersionGroup;
			children = (
				2BE66C6627FF5C18005AC7A8 /* KukaAppsiOSCase.xcdatamodel */,
			);
			currentVersion = 2BE66C6627FF5C18005AC7A8 /* KukaAppsiOSCase.xcdatamodel */;
			path = KukaAppsiOSCase.xcdatamodeld;
			sourceTree = "<group>";
			versionGroupType = wrapper.xcdatamodel;
		};
/* End XCVersionGroup section */
	};
	rootObject = 2BE66C5127FF5C18005AC7A8 /* Project object */;
}
